
Microsoft Visual Studio Solution File, Format Version 12.00
# Visual Studio Version 17
VisualStudioVersion = 17.0.31903.59
MinimumVisualStudioVersion = 10.0.40219.1
Project("{2150E333-8FDC-42A3-9474-1A3956D46DE8}") = "src", "src", "{3987DD4D-C835-437A-9D26-0A1CE3096268}"
EndProject
Project("{9A19103F-16F7-4668-BE54-9A1E7A4F7556}") = "AuctionService", "src\AuctionService\AuctionService.csproj", "{22C7D885-3C54-4B9D-B386-C8DFB2D92A6A}"
EndProject
Project("{2150E333-8FDC-42A3-9474-1A3956D46DE8}") = "Solution Items", "Solution Items", "{CB3EDF13-7679-4B12-A397-6C355103B532}"
	ProjectSection(SolutionItems) = preProject
		docker-compose.yml = docker-compose.yml
	EndProjectSection
EndProject
Project("{9A19103F-16F7-4668-BE54-9A1E7A4F7556}") = "SearchService", "src\SearchService\SearchService.csproj", "{0F69E9E3-2EE1-421A-BACE-47078D5F2408}"
EndProject
Project("{9A19103F-16F7-4668-BE54-9A1E7A4F7556}") = "Contracts", "src\Contracts\Contracts.csproj", "{5D13ABCB-8AD8-475C-B0C9-A23624555E5B}"
EndProject
Project("{9A19103F-16F7-4668-BE54-9A1E7A4F7556}") = "IdentityService", "src\IdentityService\IdentityService.csproj", "{F696B013-7C31-4CB0-B85F-F76E815645B4}"
EndProject
Project("{FAE04EC0-301F-11D3-BF4B-00C04F79EFBC}") = "GatewayService", "src\GatewayService\GatewayService.csproj", "{95741059-3AC7-4AEA-AB91-7BE8F3A41C84}"
EndProject
Global
	GlobalSection(SolutionConfigurationPlatforms) = preSolution
		Debug|Any CPU = Debug|Any CPU
		Release|Any CPU = Release|Any CPU
	EndGlobalSection
	GlobalSection(ProjectConfigurationPlatforms) = postSolution
		{22C7D885-3C54-4B9D-B386-C8DFB2D92A6A}.Debug|Any CPU.ActiveCfg = Debug|Any CPU
		{22C7D885-3C54-4B9D-B386-C8DFB2D92A6A}.Debug|Any CPU.Build.0 = Debug|Any CPU
		{22C7D885-3C54-4B9D-B386-C8DFB2D92A6A}.Release|Any CPU.ActiveCfg = Release|Any CPU
		{22C7D885-3C54-4B9D-B386-C8DFB2D92A6A}.Release|Any CPU.Build.0 = Release|Any CPU
		{0F69E9E3-2EE1-421A-BACE-47078D5F2408}.Debug|Any CPU.ActiveCfg = Debug|Any CPU
		{0F69E9E3-2EE1-421A-BACE-47078D5F2408}.Debug|Any CPU.Build.0 = Debug|Any CPU
		{0F69E9E3-2EE1-421A-BACE-47078D5F2408}.Release|Any CPU.ActiveCfg = Release|Any CPU
		{0F69E9E3-2EE1-421A-BACE-47078D5F2408}.Release|Any CPU.Build.0 = Release|Any CPU
		{5D13ABCB-8AD8-475C-B0C9-A23624555E5B}.Debug|Any CPU.ActiveCfg = Debug|Any CPU
		{5D13ABCB-8AD8-475C-B0C9-A23624555E5B}.Debug|Any CPU.Build.0 = Debug|Any CPU
		{5D13ABCB-8AD8-475C-B0C9-A23624555E5B}.Release|Any CPU.ActiveCfg = Release|Any CPU
		{5D13ABCB-8AD8-475C-B0C9-A23624555E5B}.Release|Any CPU.Build.0 = Release|Any CPU
		{F696B013-7C31-4CB0-B85F-F76E815645B4}.Debug|Any CPU.ActiveCfg = Debug|Any CPU
		{F696B013-7C31-4CB0-B85F-F76E815645B4}.Debug|Any CPU.Build.0 = Debug|Any CPU
		{F696B013-7C31-4CB0-B85F-F76E815645B4}.Release|Any CPU.ActiveCfg = Release|Any CPU
		{F696B013-7C31-4CB0-B85F-F76E815645B4}.Release|Any CPU.Build.0 = Release|Any CPU
		{95741059-3AC7-4AEA-AB91-7BE8F3A41C84}.Debug|Any CPU.ActiveCfg = Debug|Any CPU
		{95741059-3AC7-4AEA-AB91-7BE8F3A41C84}.Debug|Any CPU.Build.0 = Debug|Any CPU
		{95741059-3AC7-4AEA-AB91-7BE8F3A41C84}.Release|Any CPU.ActiveCfg = Release|Any CPU
		{95741059-3AC7-4AEA-AB91-7BE8F3A41C84}.Release|Any CPU.Build.0 = Release|Any CPU
	EndGlobalSection
	GlobalSection(SolutionProperties) = preSolution
		HideSolutionNode = FALSE
	EndGlobalSection
	GlobalSection(NestedProjects) = preSolution
		{22C7D885-3C54-4B9D-B386-C8DFB2D92A6A} = {3987DD4D-C835-437A-9D26-0A1CE3096268}
		{0F69E9E3-2EE1-421A-BACE-47078D5F2408} = {3987DD4D-C835-437A-9D26-0A1CE3096268}
		{5D13ABCB-8AD8-475C-B0C9-A23624555E5B} = {3987DD4D-C835-437A-9D26-0A1CE3096268}
		{F696B013-7C31-4CB0-B85F-F76E815645B4} = {3987DD4D-C835-437A-9D26-0A1CE3096268}
		{95741059-3AC7-4AEA-AB91-7BE8F3A41C84} = {3987DD4D-C835-437A-9D26-0A1CE3096268}
	EndGlobalSection
	GlobalSection(ExtensibilityGlobals) = postSolution
		SolutionGuid = {4C0EF397-6A20-445D-9935-23839E87B32F}
	EndGlobalSection
EndGlobal
